{
  "name": "@goggles/number-like",
  "version": "0.0.11",
  "lockfileVersion": 2,
  "requires": true,
  "packages": {
    "": {
      "name": "@goggles/number-like",
      "version": "0.0.11",
      "license": "ISC",
      "dependencies": {
        "@goggles/unit-system": "^1.0.0",
        "console": "^0.7.2"
      }
    },
    "node_modules/@goggles/unit-system": {
      "version": "1.0.1",
      "resolved": "https://registry.npmjs.org/@goggles/unit-system/-/unit-system-1.0.1.tgz",
      "integrity": "sha512-rn80omT7gHq9BrrKQYDfLTFbBPVE4+Z7y8Mzrl9UjVJkJJmXiWV+J0L96NW9vuW9RigcdHl+6I6vSHx4BNK7Jg=="
    },
    "node_modules/console": {
      "version": "0.7.2",
      "resolved": "https://registry.npmjs.org/console/-/console-0.7.2.tgz",
      "integrity": "sha512-+JSDwGunA4MTEgAV/4VBKwUHonP8CzJ/6GIuwPi6acKFqFfHUdSGCm89ZxZ5FfGWdZfkdgAroy5bJ5FSeN/t4g=="
    }
  },
  "dependencies": {
    "@goggles/unit-system": {
      "version": "1.0.1",
      "resolved": "https://registry.npmjs.org/@goggles/unit-system/-/unit-system-1.0.1.tgz",
      "integrity": "sha512-rn80omT7gHq9BrrKQYDfLTFbBPVE4+Z7y8Mzrl9UjVJkJJmXiWV+J0L96NW9vuW9RigcdHl+6I6vSHx4BNK7Jg=="
    },
    "console": {
      "version": "0.7.2",
      "resolved": "https://registry.npmjs.org/console/-/console-0.7.2.tgz",
      "integrity": "sha512-+JSDwGunA4MTEgAV/4VBKwUHonP8CzJ/6GIuwPi6acKFqFfHUdSGCm89ZxZ5FfGWdZfkdgAroy5bJ5FSeN/t4g=="
    }
  }
}
